
Microsoft Visual Studio Solution File, Format Version 12.00
# Visual Studio 2013
VisualStudioVersion = 12.0.31101.0
MinimumVisualStudioVersion = 10.0.40219.1
Project("{FAE04EC0-301F-11D3-BF4B-00C04F79EFBC}") = "NutricaoPortableApp.Droid", "NutricaoPortableApp\NutricaoPortableApp.Droid\NutricaoPortableApp.Droid.csproj", "{47314D48-EFCE-43B5-8F35-743CE076DDDD}"
EndProject
Project("{FAE04EC0-301F-11D3-BF4B-00C04F79EFBC}") = "NutricaoPortableApp.iOS", "NutricaoPortableApp\NutricaoPortableApp.iOS\NutricaoPortableApp.iOS.csproj", "{19D4782E-0716-4630-BFD2-D2385D387278}"
EndProject
Project("{FAE04EC0-301F-11D3-BF4B-00C04F79EFBC}") = "NutricaoPortableApp.WinPhone", "NutricaoPortableApp\NutricaoPortableApp.WinPhone\NutricaoPortableApp.WinPhone.csproj", "{4C0F03DF-C765-4228-9B9D-673143D8D30B}"
EndProject
Project("{FAE04EC0-301F-11D3-BF4B-00C04F79EFBC}") = "NutricaoPortableApp.Windows", "NutricaoPortableApp\NutricaoPortableApp.Windows\NutricaoPortableApp.Windows.csproj", "{E227EE7C-A9CF-4A16-A49E-F98DC7E962F1}"
EndProject
Project("{FAE04EC0-301F-11D3-BF4B-00C04F79EFBC}") = "NutricaoPortableApp", "NutricaoPortableApp\NutricaoPortableApp\NutricaoPortableApp.csproj", "{2DE04A85-EDEE-4794-B44F-5A0DB4B8E4B0}"
EndProject
Global
	GlobalSection(SolutionConfigurationPlatforms) = preSolution
		Ad-Hoc|Any CPU = Ad-Hoc|Any CPU
		Ad-Hoc|ARM = Ad-Hoc|ARM
		Ad-Hoc|iPhone = Ad-Hoc|iPhone
		Ad-Hoc|iPhoneSimulator = Ad-Hoc|iPhoneSimulator
		Ad-Hoc|Mixed Platforms = Ad-Hoc|Mixed Platforms
		Ad-Hoc|x64 = Ad-Hoc|x64
		Ad-Hoc|x86 = Ad-Hoc|x86
		AppStore|Any CPU = AppStore|Any CPU
		AppStore|ARM = AppStore|ARM
		AppStore|iPhone = AppStore|iPhone
		AppStore|iPhoneSimulator = AppStore|iPhoneSimulator
		AppStore|Mixed Platforms = AppStore|Mixed Platforms
		AppStore|x64 = AppStore|x64
		AppStore|x86 = AppStore|x86
		Debug|Any CPU = Debug|Any CPU
		Debug|ARM = Debug|ARM
		Debug|iPhone = Debug|iPhone
		Debug|iPhoneSimulator = Debug|iPhoneSimulator
		Debug|Mixed Platforms = Debug|Mixed Platforms
		Debug|x64 = Debug|x64
		Debug|x86 = Debug|x86
		Release|Any CPU = Release|Any CPU
		Release|ARM = Release|ARM
		Release|iPhone = Release|iPhone
		Release|iPhoneSimulator = Release|iPhoneSimulator
		Release|Mixed Platforms = Release|Mixed Platforms
		Release|x64 = Release|x64
		Release|x86 = Release|x86
	EndGlobalSection
	GlobalSection(ProjectConfigurationPlatforms) = postSolution
		{47314D48-EFCE-43B5-8F35-743CE076DDDD}.Ad-Hoc|Any CPU.ActiveCfg = Release|Any CPU
		{47314D48-EFCE-43B5-8F35-743CE076DDDD}.Ad-Hoc|Any CPU.Build.0 = Release|Any CPU
		{47314D48-EFCE-43B5-8F35-743CE076DDDD}.Ad-Hoc|Any CPU.Deploy.0 = Release|Any CPU
		{47314D48-EFCE-43B5-8F35-743CE076DDDD}.Ad-Hoc|ARM.ActiveCfg = Release|Any CPU
		{47314D48-EFCE-43B5-8F35-743CE076DDDD}.Ad-Hoc|iPhone.ActiveCfg = Release|Any CPU
		{47314D48-EFCE-43B5-8F35-743CE076DDDD}.Ad-Hoc|iPhoneSimulator.ActiveCfg = Release|Any CPU
		{47314D48-EFCE-43B5-8F35-743CE076DDDD}.Ad-Hoc|Mixed Platforms.ActiveCfg = Release|Any CPU
		{47314D48-EFCE-43B5-8F35-743CE076DDDD}.Ad-Hoc|Mixed Platforms.Build.0 = Release|Any CPU
		{47314D48-EFCE-43B5-8F35-743CE076DDDD}.Ad-Hoc|Mixed Platforms.Deploy.0 = Release|Any CPU
		{47314D48-EFCE-43B5-8F35-743CE076DDDD}.Ad-Hoc|x64.ActiveCfg = Release|Any CPU
		{47314D48-EFCE-43B5-8F35-743CE076DDDD}.Ad-Hoc|x86.ActiveCfg = Release|Any CPU
		{47314D48-EFCE-43B5-8F35-743CE076DDDD}.AppStore|Any CPU.ActiveCfg = Release|Any CPU
		{47314D48-EFCE-43B5-8F35-743CE076DDDD}.AppStore|Any CPU.Build.0 = Release|Any CPU
		{47314D48-EFCE-43B5-8F35-743CE076DDDD}.AppStore|Any CPU.Deploy.0 = Release|Any CPU
		{47314D48-EFCE-43B5-8F35-743CE076DDDD}.AppStore|ARM.ActiveCfg = Release|Any CPU
		{47314D48-EFCE-43B5-8F35-743CE076DDDD}.AppStore|iPhone.ActiveCfg = Release|Any CPU
		{47314D48-EFCE-43B5-8F35-743CE076DDDD}.AppStore|iPhoneSimulator.ActiveCfg = Release|Any CPU
		{47314D48-EFCE-43B5-8F35-743CE076DDDD}.AppStore|Mixed Platforms.ActiveCfg = Release|Any CPU
		{47314D48-EFCE-43B5-8F35-743CE076DDDD}.AppStore|Mixed Platforms.Build.0 = Release|Any CPU
		{47314D48-EFCE-43B5-8F35-743CE076DDDD}.AppStore|Mixed Platforms.Deploy.0 = Release|Any CPU
		{47314D48-EFCE-43B5-8F35-743CE076DDDD}.AppStore|x64.ActiveCfg = Release|Any CPU
		{47314D48-EFCE-43B5-8F35-743CE076DDDD}.AppStore|x86.ActiveCfg = Release|Any CPU
		{47314D48-EFCE-43B5-8F35-743CE076DDDD}.Debug|Any CPU.ActiveCfg = Debug|Any CPU
		{47314D48-EFCE-43B5-8F35-743CE076DDDD}.Debug|Any CPU.Build.0 = Debug|Any CPU
		{47314D48-EFCE-43B5-8F35-743CE076DDDD}.Debug|Any CPU.Deploy.0 = Debug|Any CPU
		{47314D48-EFCE-43B5-8F35-743CE076DDDD}.Debug|ARM.ActiveCfg = Debug|Any CPU
		{47314D48-EFCE-43B5-8F35-743CE076DDDD}.Debug|iPhone.ActiveCfg = Debug|Any CPU
		{47314D48-EFCE-43B5-8F35-743CE076DDDD}.Debug|iPhoneSimulator.ActiveCfg = Debug|Any CPU
		{47314D48-EFCE-43B5-8F35-743CE076DDDD}.Debug|Mixed Platforms.ActiveCfg = Debug|Any CPU
		{47314D48-EFCE-43B5-8F35-743CE076DDDD}.Debug|Mixed Platforms.Build.0 = Debug|Any CPU
		{47314D48-EFCE-43B5-8F35-743CE076DDDD}.Debug|Mixed Platforms.Deploy.0 = Debug|Any CPU
		{47314D48-EFCE-43B5-8F35-743CE076DDDD}.Debug|x64.ActiveCfg = Debug|Any CPU
		{47314D48-EFCE-43B5-8F35-743CE076DDDD}.Debug|x86.ActiveCfg = Debug|Any CPU
		{47314D48-EFCE-43B5-8F35-743CE076DDDD}.Release|Any CPU.ActiveCfg = Release|Any CPU
		{47314D48-EFCE-43B5-8F35-743CE076DDDD}.Release|Any CPU.Build.0 = Release|Any CPU
		{47314D48-EFCE-43B5-8F35-743CE076DDDD}.Release|Any CPU.Deploy.0 = Release|Any CPU
		{47314D48-EFCE-43B5-8F35-743CE076DDDD}.Release|ARM.ActiveCfg = Release|Any CPU
		{47314D48-EFCE-43B5-8F35-743CE076DDDD}.Release|iPhone.ActiveCfg = Release|Any CPU
		{47314D48-EFCE-43B5-8F35-743CE076DDDD}.Release|iPhoneSimulator.ActiveCfg = Release|Any CPU
		{47314D48-EFCE-43B5-8F35-743CE076DDDD}.Release|Mixed Platforms.ActiveCfg = Release|Any CPU
		{47314D48-EFCE-43B5-8F35-743CE076DDDD}.Release|Mixed Platforms.Build.0 = Release|Any CPU
		{47314D48-EFCE-43B5-8F35-743CE076DDDD}.Release|Mixed Platforms.Deploy.0 = Release|Any CPU
		{47314D48-EFCE-43B5-8F35-743CE076DDDD}.Release|x64.ActiveCfg = Release|Any CPU
		{47314D48-EFCE-43B5-8F35-743CE076DDDD}.Release|x86.ActiveCfg = Release|Any CPU
		{19D4782E-0716-4630-BFD2-D2385D387278}.Ad-Hoc|Any CPU.ActiveCfg = Ad-Hoc|iPhone
		{19D4782E-0716-4630-BFD2-D2385D387278}.Ad-Hoc|ARM.ActiveCfg = Ad-Hoc|iPhone
		{19D4782E-0716-4630-BFD2-D2385D387278}.Ad-Hoc|iPhone.ActiveCfg = Ad-Hoc|iPhone
		{19D4782E-0716-4630-BFD2-D2385D387278}.Ad-Hoc|iPhone.Build.0 = Ad-Hoc|iPhone
		{19D4782E-0716-4630-BFD2-D2385D387278}.Ad-Hoc|iPhoneSimulator.ActiveCfg = Ad-Hoc|iPhoneSimulator
		{19D4782E-0716-4630-BFD2-D2385D387278}.Ad-Hoc|iPhoneSimulator.Build.0 = Ad-Hoc|iPhoneSimulator
		{19D4782E-0716-4630-BFD2-D2385D387278}.Ad-Hoc|Mixed Platforms.ActiveCfg = Ad-Hoc|iPhone
		{19D4782E-0716-4630-BFD2-D2385D387278}.Ad-Hoc|Mixed Platforms.Build.0 = Ad-Hoc|iPhone
		{19D4782E-0716-4630-BFD2-D2385D387278}.Ad-Hoc|x64.ActiveCfg = Ad-Hoc|iPhone
		{19D4782E-0716-4630-BFD2-D2385D387278}.Ad-Hoc|x86.ActiveCfg = Ad-Hoc|iPhone
		{19D4782E-0716-4630-BFD2-D2385D387278}.AppStore|Any CPU.ActiveCfg = AppStore|iPhone
		{19D4782E-0716-4630-BFD2-D2385D387278}.AppStore|ARM.ActiveCfg = AppStore|iPhone
		{19D4782E-0716-4630-BFD2-D2385D387278}.AppStore|iPhone.ActiveCfg = AppStore|iPhone
		{19D4782E-0716-4630-BFD2-D2385D387278}.AppStore|iPhone.Build.0 = AppStore|iPhone
		{19D4782E-0716-4630-BFD2-D2385D387278}.AppStore|iPhoneSimulator.ActiveCfg = AppStore|iPhoneSimulator
		{19D4782E-0716-4630-BFD2-D2385D387278}.AppStore|iPhoneSimulator.Build.0 = AppStore|iPhoneSimulator
		{19D4782E-0716-4630-BFD2-D2385D387278}.AppStore|Mixed Platforms.ActiveCfg = AppStore|iPhone
		{19D4782E-0716-4630-BFD2-D2385D387278}.AppStore|Mixed Platforms.Build.0 = AppStore|iPhone
		{19D4782E-0716-4630-BFD2-D2385D387278}.AppStore|x64.ActiveCfg = AppStore|iPhone
		{19D4782E-0716-4630-BFD2-D2385D387278}.AppStore|x86.ActiveCfg = AppStore|iPhone
		{19D4782E-0716-4630-BFD2-D2385D387278}.Debug|Any CPU.ActiveCfg = Debug|iPhone
		{19D4782E-0716-4630-BFD2-D2385D387278}.Debug|ARM.ActiveCfg = Debug|iPhone
		{19D4782E-0716-4630-BFD2-D2385D387278}.Debug|iPhone.ActiveCfg = Debug|iPhone
		{19D4782E-0716-4630-BFD2-D2385D387278}.Debug|iPhone.Build.0 = Debug|iPhone
		{19D4782E-0716-4630-BFD2-D2385D387278}.Debug|iPhoneSimulator.ActiveCfg = Debug|iPhoneSimulator
		{19D4782E-0716-4630-BFD2-D2385D387278}.Debug|iPhoneSimulator.Build.0 = Debug|iPhoneSimulator
		{19D4782E-0716-4630-BFD2-D2385D387278}.Debug|Mixed Platforms.ActiveCfg = Debug|iPhone
		{19D4782E-0716-4630-BFD2-D2385D387278}.Debug|Mixed Platforms.Build.0 = Debug|iPhone
		{19D4782E-0716-4630-BFD2-D2385D387278}.Debug|x64.ActiveCfg = Debug|iPhone
		{19D4782E-0716-4630-BFD2-D2385D387278}.Debug|x86.ActiveCfg = Debug|iPhone
		{19D4782E-0716-4630-BFD2-D2385D387278}.Release|Any CPU.ActiveCfg = Release|iPhone
		{19D4782E-0716-4630-BFD2-D2385D387278}.Release|ARM.ActiveCfg = Release|iPhone
		{19D4782E-0716-4630-BFD2-D2385D387278}.Release|iPhone.ActiveCfg = Release|iPhone
		{19D4782E-0716-4630-BFD2-D2385D387278}.Release|iPhone.Build.0 = Release|iPhone
		{19D4782E-0716-4630-BFD2-D2385D387278}.Release|iPhoneSimulator.ActiveCfg = Release|iPhoneSimulator
		{19D4782E-0716-4630-BFD2-D2385D387278}.Release|iPhoneSimulator.Build.0 = Release|iPhoneSimulator
		{19D4782E-0716-4630-BFD2-D2385D387278}.Release|Mixed Platforms.ActiveCfg = Release|iPhone
		{19D4782E-0716-4630-BFD2-D2385D387278}.Release|Mixed Platforms.Build.0 = Release|iPhone
		{19D4782E-0716-4630-BFD2-D2385D387278}.Release|x64.ActiveCfg = Release|iPhone
		{19D4782E-0716-4630-BFD2-D2385D387278}.Release|x86.ActiveCfg = Release|iPhone
		{4C0F03DF-C765-4228-9B9D-673143D8D30B}.Ad-Hoc|Any CPU.ActiveCfg = Release|Any CPU
		{4C0F03DF-C765-4228-9B9D-673143D8D30B}.Ad-Hoc|Any CPU.Build.0 = Release|Any CPU
		{4C0F03DF-C765-4228-9B9D-673143D8D30B}.Ad-Hoc|Any CPU.Deploy.0 = Release|Any CPU
		{4C0F03DF-C765-4228-9B9D-673143D8D30B}.Ad-Hoc|ARM.ActiveCfg = Release|ARM
		{4C0F03DF-C765-4228-9B9D-673143D8D30B}.Ad-Hoc|ARM.Build.0 = Release|ARM
		{4C0F03DF-C765-4228-9B9D-673143D8D30B}.Ad-Hoc|ARM.Deploy.0 = Release|ARM
		{4C0F03DF-C765-4228-9B9D-673143D8D30B}.Ad-Hoc|iPhone.ActiveCfg = Release|Any CPU
		{4C0F03DF-C765-4228-9B9D-673143D8D30B}.Ad-Hoc|iPhoneSimulator.ActiveCfg = Release|Any CPU
		{4C0F03DF-C765-4228-9B9D-673143D8D30B}.Ad-Hoc|Mixed Platforms.ActiveCfg = Release|x86
		{4C0F03DF-C765-4228-9B9D-673143D8D30B}.Ad-Hoc|Mixed Platforms.Build.0 = Release|x86
		{4C0F03DF-C765-4228-9B9D-673143D8D30B}.Ad-Hoc|Mixed Platforms.Deploy.0 = Release|x86
		{4C0F03DF-C765-4228-9B9D-673143D8D30B}.Ad-Hoc|x64.ActiveCfg = Release|Any CPU
		{4C0F03DF-C765-4228-9B9D-673143D8D30B}.Ad-Hoc|x86.ActiveCfg = Release|x86
		{4C0F03DF-C765-4228-9B9D-673143D8D30B}.Ad-Hoc|x86.Build.0 = Release|x86
		{4C0F03DF-C765-4228-9B9D-673143D8D30B}.Ad-Hoc|x86.Deploy.0 = Release|x86
		{4C0F03DF-C765-4228-9B9D-673143D8D30B}.AppStore|Any CPU.ActiveCfg = Release|Any CPU
		{4C0F03DF-C765-4228-9B9D-673143D8D30B}.AppStore|Any CPU.Build.0 = Release|Any CPU
		{4C0F03DF-C765-4228-9B9D-673143D8D30B}.AppStore|Any CPU.Deploy.0 = Release|Any CPU
		{4C0F03DF-C765-4228-9B9D-673143D8D30B}.AppStore|ARM.ActiveCfg = Release|ARM
		{4C0F03DF-C765-4228-9B9D-673143D8D30B}.AppStore|ARM.Build.0 = Release|ARM
		{4C0F03DF-C765-4228-9B9D-673143D8D30B}.AppStore|ARM.Deploy.0 = Release|ARM
		{4C0F03DF-C765-4228-9B9D-673143D8D30B}.AppStore|iPhone.ActiveCfg = Release|Any CPU
		{4C0F03DF-C765-4228-9B9D-673143D8D30B}.AppStore|iPhoneSimulator.ActiveCfg = Release|Any CPU
		{4C0F03DF-C765-4228-9B9D-673143D8D30B}.AppStore|Mixed Platforms.ActiveCfg = Release|x86
		{4C0F03DF-C765-4228-9B9D-673143D8D30B}.AppStore|Mixed Platforms.Build.0 = Release|x86
		{4C0F03DF-C765-4228-9B9D-673143D8D30B}.AppStore|Mixed Platforms.Deploy.0 = Release|x86
		{4C0F03DF-C765-4228-9B9D-673143D8D30B}.AppStore|x64.ActiveCfg = Release|Any CPU
		{4C0F03DF-C765-4228-9B9D-673143D8D30B}.AppStore|x86.ActiveCfg = Release|x86
		{4C0F03DF-C765-4228-9B9D-673143D8D30B}.AppStore|x86.Build.0 = Release|x86
		{4C0F03DF-C765-4228-9B9D-673143D8D30B}.AppStore|x86.Deploy.0 = Release|x86
		{4C0F03DF-C765-4228-9B9D-673143D8D30B}.Debug|Any CPU.ActiveCfg = Debug|Any CPU
		{4C0F03DF-C765-4228-9B9D-673143D8D30B}.Debug|Any CPU.Build.0 = Debug|Any CPU
		{4C0F03DF-C765-4228-9B9D-673143D8D30B}.Debug|Any CPU.Deploy.0 = Debug|Any CPU
		{4C0F03DF-C765-4228-9B9D-673143D8D30B}.Debug|ARM.ActiveCfg = Debug|ARM
		{4C0F03DF-C765-4228-9B9D-673143D8D30B}.Debug|ARM.Build.0 = Debug|ARM
		{4C0F03DF-C765-4228-9B9D-673143D8D30B}.Debug|ARM.Deploy.0 = Debug|ARM
		{4C0F03DF-C765-4228-9B9D-673143D8D30B}.Debug|iPhone.ActiveCfg = Debug|Any CPU
		{4C0F03DF-C765-4228-9B9D-673143D8D30B}.Debug|iPhoneSimulator.ActiveCfg = Debug|Any CPU
		{4C0F03DF-C765-4228-9B9D-673143D8D30B}.Debug|Mixed Platforms.ActiveCfg = Debug|x86
		{4C0F03DF-C765-4228-9B9D-673143D8D30B}.Debug|Mixed Platforms.Build.0 = Debug|x86
		{4C0F03DF-C765-4228-9B9D-673143D8D30B}.Debug|Mixed Platforms.Deploy.0 = Debug|x86
		{4C0F03DF-C765-4228-9B9D-673143D8D30B}.Debug|x64.ActiveCfg = Debug|Any CPU
		{4C0F03DF-C765-4228-9B9D-673143D8D30B}.Debug|x86.ActiveCfg = Debug|x86
		{4C0F03DF-C765-4228-9B9D-673143D8D30B}.Debug|x86.Build.0 = Debug|x86
		{4C0F03DF-C765-4228-9B9D-673143D8D30B}.Debug|x86.Deploy.0 = Debug|x86
		{4C0F03DF-C765-4228-9B9D-673143D8D30B}.Release|Any CPU.ActiveCfg = Release|Any CPU
		{4C0F03DF-C765-4228-9B9D-673143D8D30B}.Release|Any CPU.Build.0 = Release|Any CPU
		{4C0F03DF-C765-4228-9B9D-673143D8D30B}.Release|Any CPU.Deploy.0 = Release|Any CPU
		{4C0F03DF-C765-4228-9B9D-673143D8D30B}.Release|ARM.ActiveCfg = Release|ARM
		{4C0F03DF-C765-4228-9B9D-673143D8D30B}.Release|ARM.Build.0 = Release|ARM
		{4C0F03DF-C765-4228-9B9D-673143D8D30B}.Release|ARM.Deploy.0 = Release|ARM
		{4C0F03DF-C765-4228-9B9D-673143D8D30B}.Release|iPhone.ActiveCfg = Release|Any CPU
		{4C0F03DF-C765-4228-9B9D-673143D8D30B}.Release|iPhoneSimulator.ActiveCfg = Release|Any CPU
		{4C0F03DF-C765-4228-9B9D-673143D8D30B}.Release|Mixed Platforms.ActiveCfg = Release|x86
		{4C0F03DF-C765-4228-9B9D-673143D8D30B}.Release|Mixed Platforms.Build.0 = Release|x86
		{4C0F03DF-C765-4228-9B9D-673143D8D30B}.Release|Mixed Platforms.Deploy.0 = Release|x86
		{4C0F03DF-C765-4228-9B9D-673143D8D30B}.Release|x64.ActiveCfg = Release|Any CPU
		{4C0F03DF-C765-4228-9B9D-673143D8D30B}.Release|x86.ActiveCfg = Release|x86
		{4C0F03DF-C765-4228-9B9D-673143D8D30B}.Release|x86.Build.0 = Release|x86
		{4C0F03DF-C765-4228-9B9D-673143D8D30B}.Release|x86.Deploy.0 = Release|x86
		{E227EE7C-A9CF-4A16-A49E-F98DC7E962F1}.Ad-Hoc|Any CPU.ActiveCfg = Release|Any CPU
		{E227EE7C-A9CF-4A16-A49E-F98DC7E962F1}.Ad-Hoc|Any CPU.Build.0 = Release|Any CPU
		{E227EE7C-A9CF-4A16-A49E-F98DC7E962F1}.Ad-Hoc|Any CPU.Deploy.0 = Release|Any CPU
		{E227EE7C-A9CF-4A16-A49E-F98DC7E962F1}.Ad-Hoc|ARM.ActiveCfg = Release|ARM
		{E227EE7C-A9CF-4A16-A49E-F98DC7E962F1}.Ad-Hoc|ARM.Build.0 = Release|ARM
		{E227EE7C-A9CF-4A16-A49E-F98DC7E962F1}.Ad-Hoc|ARM.Deploy.0 = Release|ARM
		{E227EE7C-A9CF-4A16-A49E-F98DC7E962F1}.Ad-Hoc|iPhone.ActiveCfg = Release|Any CPU
		{E227EE7C-A9CF-4A16-A49E-F98DC7E962F1}.Ad-Hoc|iPhoneSimulator.ActiveCfg = Release|Any CPU
		{E227EE7C-A9CF-4A16-A49E-F98DC7E962F1}.Ad-Hoc|Mixed Platforms.ActiveCfg = Release|x86
		{E227EE7C-A9CF-4A16-A49E-F98DC7E962F1}.Ad-Hoc|Mixed Platforms.Build.0 = Release|x86
		{E227EE7C-A9CF-4A16-A49E-F98DC7E962F1}.Ad-Hoc|Mixed Platforms.Deploy.0 = Release|x86
		{E227EE7C-A9CF-4A16-A49E-F98DC7E962F1}.Ad-Hoc|x64.ActiveCfg = Release|x64
		{E227EE7C-A9CF-4A16-A49E-F98DC7E962F1}.Ad-Hoc|x64.Build.0 = Release|x64
		{E227EE7C-A9CF-4A16-A49E-F98DC7E962F1}.Ad-Hoc|x64.Deploy.0 = Release|x64
		{E227EE7C-A9CF-4A16-A49E-F98DC7E962F1}.Ad-Hoc|x86.ActiveCfg = Release|x86
		{E227EE7C-A9CF-4A16-A49E-F98DC7E962F1}.Ad-Hoc|x86.Build.0 = Release|x86
		{E227EE7C-A9CF-4A16-A49E-F98DC7E962F1}.Ad-Hoc|x86.Deploy.0 = Release|x86
		{E227EE7C-A9CF-4A16-A49E-F98DC7E962F1}.AppStore|Any CPU.ActiveCfg = Release|Any CPU
		{E227EE7C-A9CF-4A16-A49E-F98DC7E962F1}.AppStore|Any CPU.Build.0 = Release|Any CPU
		{E227EE7C-A9CF-4A16-A49E-F98DC7E962F1}.AppStore|Any CPU.Deploy.0 = Release|Any CPU
		{E227EE7C-A9CF-4A16-A49E-F98DC7E962F1}.AppStore|ARM.ActiveCfg = Release|ARM
		{E227EE7C-A9CF-4A16-A49E-F98DC7E962F1}.AppStore|ARM.Build.0 = Release|ARM
		{E227EE7C-A9CF-4A16-A49E-F98DC7E962F1}.AppStore|ARM.Deploy.0 = Release|ARM
		{E227EE7C-A9CF-4A16-A49E-F98DC7E962F1}.AppStore|iPhone.ActiveCfg = Release|Any CPU
		{E227EE7C-A9CF-4A16-A49E-F98DC7E962F1}.AppStore|iPhoneSimulator.ActiveCfg = Release|Any CPU
		{E227EE7C-A9CF-4A16-A49E-F98DC7E962F1}.AppStore|Mixed Platforms.ActiveCfg = Release|x86
		{E227EE7C-A9CF-4A16-A49E-F98DC7E962F1}.AppStore|Mixed Platforms.Build.0 = Release|x86
		{E227EE7C-A9CF-4A16-A49E-F98DC7E962F1}.AppStore|Mixed Platforms.Deploy.0 = Release|x86
		{E227EE7C-A9CF-4A16-A49E-F98DC7E962F1}.AppStore|x64.ActiveCfg = Release|x64
		{E227EE7C-A9CF-4A16-A49E-F98DC7E962F1}.AppStore|x64.Build.0 = Release|x64
		{E227EE7C-A9CF-4A16-A49E-F98DC7E962F1}.AppStore|x64.Deploy.0 = Release|x64
		{E227EE7C-A9CF-4A16-A49E-F98DC7E962F1}.AppStore|x86.ActiveCfg = Release|x86
		{E227EE7C-A9CF-4A16-A49E-F98DC7E962F1}.AppStore|x86.Build.0 = Release|x86
		{E227EE7C-A9CF-4A16-A49E-F98DC7E962F1}.AppStore|x86.Deploy.0 = Release|x86
		{E227EE7C-A9CF-4A16-A49E-F98DC7E962F1}.Debug|Any CPU.ActiveCfg = Debug|Any CPU
		{E227EE7C-A9CF-4A16-A49E-F98DC7E962F1}.Debug|Any CPU.Build.0 = Debug|Any CPU
		{E227EE7C-A9CF-4A16-A49E-F98DC7E962F1}.Debug|Any CPU.Deploy.0 = Debug|Any CPU
		{E227EE7C-A9CF-4A16-A49E-F98DC7E962F1}.Debug|ARM.ActiveCfg = Debug|ARM
		{E227EE7C-A9CF-4A16-A49E-F98DC7E962F1}.Debug|ARM.Build.0 = Debug|ARM
		{E227EE7C-A9CF-4A16-A49E-F98DC7E962F1}.Debug|ARM.Deploy.0 = Debug|ARM
		{E227EE7C-A9CF-4A16-A49E-F98DC7E962F1}.Debug|iPhone.ActiveCfg = Debug|Any CPU
		{E227EE7C-A9CF-4A16-A49E-F98DC7E962F1}.Debug|iPhoneSimulator.ActiveCfg = Debug|Any CPU
		{E227EE7C-A9CF-4A16-A49E-F98DC7E962F1}.Debug|Mixed Platforms.ActiveCfg = Debug|x86
		{E227EE7C-A9CF-4A16-A49E-F98DC7E962F1}.Debug|Mixed Platforms.Build.0 = Debug|x86
		{E227EE7C-A9CF-4A16-A49E-F98DC7E962F1}.Debug|Mixed Platforms.Deploy.0 = Debug|x86
		{E227EE7C-A9CF-4A16-A49E-F98DC7E962F1}.Debug|x64.ActiveCfg = Debug|x64
		{E227EE7C-A9CF-4A16-A49E-F98DC7E962F1}.Debug|x64.Build.0 = Debug|x64
		{E227EE7C-A9CF-4A16-A49E-F98DC7E962F1}.Debug|x64.Deploy.0 = Debug|x64
		{E227EE7C-A9CF-4A16-A49E-F98DC7E962F1}.Debug|x86.ActiveCfg = Debug|x86
		{E227EE7C-A9CF-4A16-A49E-F98DC7E962F1}.Debug|x86.Build.0 = Debug|x86
		{E227EE7C-A9CF-4A16-A49E-F98DC7E962F1}.Debug|x86.Deploy.0 = Debug|x86
		{E227EE7C-A9CF-4A16-A49E-F98DC7E962F1}.Release|Any CPU.ActiveCfg = Release|Any CPU
		{E227EE7C-A9CF-4A16-A49E-F98DC7E962F1}.Release|Any CPU.Build.0 = Release|Any CPU
		{E227EE7C-A9CF-4A16-A49E-F98DC7E962F1}.Release|Any CPU.Deploy.0 = Release|Any CPU
		{E227EE7C-A9CF-4A16-A49E-F98DC7E962F1}.Release|ARM.ActiveCfg = Release|ARM
		{E227EE7C-A9CF-4A16-A49E-F98DC7E962F1}.Release|ARM.Build.0 = Release|ARM
		{E227EE7C-A9CF-4A16-A49E-F98DC7E962F1}.Release|ARM.Deploy.0 = Release|ARM
		{E227EE7C-A9CF-4A16-A49E-F98DC7E962F1}.Release|iPhone.ActiveCfg = Release|Any CPU
		{E227EE7C-A9CF-4A16-A49E-F98DC7E962F1}.Release|iPhoneSimulator.ActiveCfg = Release|Any CPU
		{E227EE7C-A9CF-4A16-A49E-F98DC7E962F1}.Release|Mixed Platforms.ActiveCfg = Release|x86
		{E227EE7C-A9CF-4A16-A49E-F98DC7E962F1}.Release|Mixed Platforms.Build.0 = Release|x86
		{E227EE7C-A9CF-4A16-A49E-F98DC7E962F1}.Release|Mixed Platforms.Deploy.0 = Release|x86
		{E227EE7C-A9CF-4A16-A49E-F98DC7E962F1}.Release|x64.ActiveCfg = Release|x64
		{E227EE7C-A9CF-4A16-A49E-F98DC7E962F1}.Release|x64.Build.0 = Release|x64
		{E227EE7C-A9CF-4A16-A49E-F98DC7E962F1}.Release|x64.Deploy.0 = Release|x64
		{E227EE7C-A9CF-4A16-A49E-F98DC7E962F1}.Release|x86.ActiveCfg = Release|x86
		{E227EE7C-A9CF-4A16-A49E-F98DC7E962F1}.Release|x86.Build.0 = Release|x86
		{E227EE7C-A9CF-4A16-A49E-F98DC7E962F1}.Release|x86.Deploy.0 = Release|x86
		{2DE04A85-EDEE-4794-B44F-5A0DB4B8E4B0}.Ad-Hoc|Any CPU.ActiveCfg = Release|Any CPU
		{2DE04A85-EDEE-4794-B44F-5A0DB4B8E4B0}.Ad-Hoc|Any CPU.Build.0 = Release|Any CPU
		{2DE04A85-EDEE-4794-B44F-5A0DB4B8E4B0}.Ad-Hoc|ARM.ActiveCfg = Release|Any CPU
		{2DE04A85-EDEE-4794-B44F-5A0DB4B8E4B0}.Ad-Hoc|iPhone.ActiveCfg = Release|Any CPU
		{2DE04A85-EDEE-4794-B44F-5A0DB4B8E4B0}.Ad-Hoc|iPhone.Build.0 = Release|Any CPU
		{2DE04A85-EDEE-4794-B44F-5A0DB4B8E4B0}.Ad-Hoc|iPhoneSimulator.ActiveCfg = Release|Any CPU
		{2DE04A85-EDEE-4794-B44F-5A0DB4B8E4B0}.Ad-Hoc|iPhoneSimulator.Build.0 = Release|Any CPU
		{2DE04A85-EDEE-4794-B44F-5A0DB4B8E4B0}.Ad-Hoc|Mixed Platforms.ActiveCfg = Release|Any CPU
		{2DE04A85-EDEE-4794-B44F-5A0DB4B8E4B0}.Ad-Hoc|Mixed Platforms.Build.0 = Release|Any CPU
		{2DE04A85-EDEE-4794-B44F-5A0DB4B8E4B0}.Ad-Hoc|x64.ActiveCfg = Release|Any CPU
		{2DE04A85-EDEE-4794-B44F-5A0DB4B8E4B0}.Ad-Hoc|x86.ActiveCfg = Release|Any CPU
		{2DE04A85-EDEE-4794-B44F-5A0DB4B8E4B0}.AppStore|Any CPU.ActiveCfg = Release|Any CPU
		{2DE04A85-EDEE-4794-B44F-5A0DB4B8E4B0}.AppStore|Any CPU.Build.0 = Release|Any CPU
		{2DE04A85-EDEE-4794-B44F-5A0DB4B8E4B0}.AppStore|ARM.ActiveCfg = Release|Any CPU
		{2DE04A85-EDEE-4794-B44F-5A0DB4B8E4B0}.AppStore|iPhone.ActiveCfg = Release|Any CPU
		{2DE04A85-EDEE-4794-B44F-5A0DB4B8E4B0}.AppStore|iPhone.Build.0 = Release|Any CPU
		{2DE04A85-EDEE-4794-B44F-5A0DB4B8E4B0}.AppStore|iPhoneSimulator.ActiveCfg = Release|Any CPU
		{2DE04A85-EDEE-4794-B44F-5A0DB4B8E4B0}.AppStore|iPhoneSimulator.Build.0 = Release|Any CPU
		{2DE04A85-EDEE-4794-B44F-5A0DB4B8E4B0}.AppStore|Mixed Platforms.ActiveCfg = Release|Any CPU
		{2DE04A85-EDEE-4794-B44F-5A0DB4B8E4B0}.AppStore|Mixed Platforms.Build.0 = Release|Any CPU
		{2DE04A85-EDEE-4794-B44F-5A0DB4B8E4B0}.AppStore|x64.ActiveCfg = Release|Any CPU
		{2DE04A85-EDEE-4794-B44F-5A0DB4B8E4B0}.AppStore|x86.ActiveCfg = Release|Any CPU
		{2DE04A85-EDEE-4794-B44F-5A0DB4B8E4B0}.Debug|Any CPU.ActiveCfg = Debug|Any CPU
		{2DE04A85-EDEE-4794-B44F-5A0DB4B8E4B0}.Debug|Any CPU.Build.0 = Debug|Any CPU
		{2DE04A85-EDEE-4794-B44F-5A0DB4B8E4B0}.Debug|ARM.ActiveCfg = Debug|Any CPU
		{2DE04A85-EDEE-4794-B44F-5A0DB4B8E4B0}.Debug|iPhone.ActiveCfg = Debug|Any CPU
		{2DE04A85-EDEE-4794-B44F-5A0DB4B8E4B0}.Debug|iPhone.Build.0 = Debug|Any CPU
		{2DE04A85-EDEE-4794-B44F-5A0DB4B8E4B0}.Debug|iPhoneSimulator.ActiveCfg = Debug|Any CPU
		{2DE04A85-EDEE-4794-B44F-5A0DB4B8E4B0}.Debug|iPhoneSimulator.Build.0 = Debug|Any CPU
		{2DE04A85-EDEE-4794-B44F-5A0DB4B8E4B0}.Debug|Mixed Platforms.ActiveCfg = Debug|Any CPU
		{2DE04A85-EDEE-4794-B44F-5A0DB4B8E4B0}.Debug|Mixed Platforms.Build.0 = Debug|Any CPU
		{2DE04A85-EDEE-4794-B44F-5A0DB4B8E4B0}.Debug|x64.ActiveCfg = Debug|Any CPU
		{2DE04A85-EDEE-4794-B44F-5A0DB4B8E4B0}.Debug|x86.ActiveCfg = Debug|Any CPU
		{2DE04A85-EDEE-4794-B44F-5A0DB4B8E4B0}.Release|Any CPU.ActiveCfg = Release|Any CPU
		{2DE04A85-EDEE-4794-B44F-5A0DB4B8E4B0}.Release|Any CPU.Build.0 = Release|Any CPU
		{2DE04A85-EDEE-4794-B44F-5A0DB4B8E4B0}.Release|ARM.ActiveCfg = Release|Any CPU
		{2DE04A85-EDEE-4794-B44F-5A0DB4B8E4B0}.Release|iPhone.ActiveCfg = Release|Any CPU
		{2DE04A85-EDEE-4794-B44F-5A0DB4B8E4B0}.Release|iPhone.Build.0 = Release|Any CPU
		{2DE04A85-EDEE-4794-B44F-5A0DB4B8E4B0}.Release|iPhoneSimulator.ActiveCfg = Release|Any CPU
		{2DE04A85-EDEE-4794-B44F-5A0DB4B8E4B0}.Release|iPhoneSimulator.Build.0 = Release|Any CPU
		{2DE04A85-EDEE-4794-B44F-5A0DB4B8E4B0}.Release|Mixed Platforms.ActiveCfg = Release|Any CPU
		{2DE04A85-EDEE-4794-B44F-5A0DB4B8E4B0}.Release|Mixed Platforms.Build.0 = Release|Any CPU
		{2DE04A85-EDEE-4794-B44F-5A0DB4B8E4B0}.Release|x64.ActiveCfg = Release|Any CPU
		{2DE04A85-EDEE-4794-B44F-5A0DB4B8E4B0}.Release|x86.ActiveCfg = Release|Any CPU
	EndGlobalSection
	GlobalSection(SolutionProperties) = preSolution
		HideSolutionNode = FALSE
	EndGlobalSection
EndGlobal
